
Microsoft Visual Studio Solution File, Format Version 12.00
# Visual Studio 15
VisualStudioVersion = 15.0.28307.1321
MinimumVisualStudioVersion = 10.0.40219.1
Project("{FAE04EC0-301F-11D3-BF4B-00C04F79EFBC}") = "PS_APM_WebAPI_266", "PS_APM_WebAPI_266\PS_APM_WebAPI_266.csproj", "{622AA71A-11EE-4383-8246-9BEC7F120458}"
EndProject
Project("{E24C65DC-7377-472B-9ABA-BC803B73C61A}") = "PS_APM_Client_266(1)", "PS_APM_Client_266\", "{FE5012A8-32C5-4380-87B3-3EC3435DB9AB}"
	ProjectSection(WebsiteProperties) = preProject
		TargetFrameworkMoniker = ".NETFramework,Version%3Dv4.0"
		Debug.AspNetCompiler.VirtualPath = "/localhost_53772"
		Debug.AspNetCompiler.PhysicalPath = "PS_APM_Client_266\"
		Debug.AspNetCompiler.TargetPath = "PrecompiledWeb\localhost_53772\"
		Debug.AspNetCompiler.Updateable = "true"
		Debug.AspNetCompiler.ForceOverwrite = "true"
		Debug.AspNetCompiler.FixedNames = "false"
		Debug.AspNetCompiler.Debug = "True"
		Release.AspNetCompiler.VirtualPath = "/localhost_53772"
		Release.AspNetCompiler.PhysicalPath = "PS_APM_Client_266\"
		Release.AspNetCompiler.TargetPath = "PrecompiledWeb\localhost_53772\"
		Release.AspNetCompiler.Updateable = "true"
		Release.AspNetCompiler.ForceOverwrite = "true"
		Release.AspNetCompiler.FixedNames = "false"
		Release.AspNetCompiler.Debug = "False"
		VWDPort = "53772"
		SlnRelativePath = "PS_APM_Client_266\"
	EndProjectSection
	ProjectSection(ProjectDependencies) = postProject
		{622AA71A-11EE-4383-8246-9BEC7F120458} = {622AA71A-11EE-4383-8246-9BEC7F120458}
	EndProjectSection
EndProject
Global
	GlobalSection(SolutionConfigurationPlatforms) = preSolution
		Debug|Any CPU = Debug|Any CPU
		Release|Any CPU = Release|Any CPU
	EndGlobalSection
	GlobalSection(ProjectConfigurationPlatforms) = postSolution
		{622AA71A-11EE-4383-8246-9BEC7F120458}.Debug|Any CPU.ActiveCfg = Debug|Any CPU
		{622AA71A-11EE-4383-8246-9BEC7F120458}.Debug|Any CPU.Build.0 = Debug|Any CPU
		{622AA71A-11EE-4383-8246-9BEC7F120458}.Release|Any CPU.ActiveCfg = Release|Any CPU
		{622AA71A-11EE-4383-8246-9BEC7F120458}.Release|Any CPU.Build.0 = Release|Any CPU
		{FE5012A8-32C5-4380-87B3-3EC3435DB9AB}.Debug|Any CPU.ActiveCfg = Debug|Any CPU
		{FE5012A8-32C5-4380-87B3-3EC3435DB9AB}.Debug|Any CPU.Build.0 = Debug|Any CPU
		{FE5012A8-32C5-4380-87B3-3EC3435DB9AB}.Release|Any CPU.ActiveCfg = Debug|Any CPU
		{FE5012A8-32C5-4380-87B3-3EC3435DB9AB}.Release|Any CPU.Build.0 = Debug|Any CPU
	EndGlobalSection
	GlobalSection(SolutionProperties) = preSolution
		HideSolutionNode = FALSE
	EndGlobalSection
	GlobalSection(ExtensibilityGlobals) = postSolution
		SolutionGuid = {DE5830BC-8A87-453A-8D68-6C7B947797A5}
	EndGlobalSection
EndGlobal
